// !$*UTF8*$!
{
	archiveVersion = 1;
	classes = {
	};
	objectVersion = 56;
	objects = {

/* Begin PBXBuildFile section */
		041A625B2A8290CE004E880C /* AppDelegate.swift in Sources */ = {isa = PBXBuildFile; fileRef = 041A625A2A8290CE004E880C /* AppDelegate.swift */; };
		041A625D2A8290CE004E880C /* SceneDelegate.swift in Sources */ = {isa = PBXBuildFile; fileRef = 041A625C2A8290CE004E880C /* SceneDelegate.swift */; };
		041A625F2A8290CE004E880C /* ViewController.swift in Sources */ = {isa = PBXBuildFile; fileRef = 041A625E2A8290CE004E880C /* ViewController.swift */; };
		041A62622A8290CE004E880C /* Main.storyboard in Resources */ = {isa = PBXBuildFile; fileRef = 041A62602A8290CE004E880C /* Main.storyboard */; };
		041A62642A8290D0004E880C /* Assets.xcassets in Resources */ = {isa = PBXBuildFile; fileRef = 041A62632A8290D0004E880C /* Assets.xcassets */; };
		041A62672A8290D0004E880C /* LaunchScreen.storyboard in Resources */ = {isa = PBXBuildFile; fileRef = 041A62652A8290D0004E880C /* LaunchScreen.storyboard */; };
		041A626F2A82912E004E880C /* Post.swift in Sources */ = {isa = PBXBuildFile; fileRef = 041A626E2A82912E004E880C /* Post.swift */; };
		041A62722A8291AA004E880C /* PostTableViewCell.swift in Sources */ = {isa = PBXBuildFile; fileRef = 041A62702A8291AA004E880C /* PostTableViewCell.swift */; };
		041A62732A8291AA004E880C /* PostTableViewCell.xib in Resources */ = {isa = PBXBuildFile; fileRef = 041A62712A8291AA004E880C /* PostTableViewCell.xib */; };
/* End PBXBuildFile section */

/* Begin PBXFileReference section */
		041A62572A8290CE004E880C /* FirrstAPIAssignemts.app */ = {isa = PBXFileReference; explicitFileType = wrapper.application; includeInIndex = 0; path = FirrstAPIAssignemts.app; sourceTree = BUILT_PRODUCTS_DIR; };
		041A625A2A8290CE004E880C /* AppDelegate.swift */ = {isa = PBXFileReference; lastKnownFileType = sourcecode.swift; path = AppDelegate.swift; sourceTree = "<group>"; };
		041A625C2A8290CE004E880C /* SceneDelegate.swift */ = {isa = PBXFileReference; lastKnownFileType = sourcecode.swift; path = SceneDelegate.swift; sourceTree = "<group>"; };
		041A625E2A8290CE004E880C /* ViewController.swift */ = {isa = PBXFileReference; lastKnownFileType = sourcecode.swift; path = ViewController.swift; sourceTree = "<group>"; };
		041A62612A8290CE004E880C /* Base */ = {isa = PBXFileReference; lastKnownFileType = file.storyboard; name = Base; path = Base.lproj/Main.storyboard; sourceTree = "<group>"; };
		041A62632A8290D0004E880C /* Assets.xcassets */ = {isa = PBXFileReference; lastKnownFileType = folder.assetcatalog; path = Assets.xcassets; sourceTree = "<group>"; };
		041A62662A8290D0004E880C /* Base */ = {isa = PBXFileReference; lastKnownFileType = file.storyboard; name = Base; path = Base.lproj/LaunchScreen.storyboard; sourceTree = "<group>"; };
		041A62682A8290D0004E880C /* Info.plist */ = {isa = PBXFileReference; lastKnownFileType = text.plist.xml; path = Info.plist; sourceTree = "<group>"; };
		041A626E2A82912E004E880C /* Post.swift */ = {isa = PBXFileReference; lastKnownFileType = sourcecode.swift; path = Post.swift; sourceTree = "<group>"; };
		041A62702A8291AA004E880C /* PostTableViewCell.swift */ = {isa = PBXFileReference; lastKnownFileType = sourcecode.swift; path = PostTableViewCell.swift; sourceTree = "<group>"; };
		041A62712A8291AA004E880C /* PostTableViewCell.xib */ = {isa = PBXFileReference; lastKnownFileType = file.xib; path = PostTableViewCell.xib; sourceTree = "<group>"; };
/* End PBXFileReference section */

/* Begin PBXFrameworksBuildPhase section */
		041A62542A8290CE004E880C /* Frameworks */ = {
			isa = PBXFrameworksBuildPhase;
			buildActionMask = 2147483647;
			files = (
			);
			runOnlyForDeploymentPostprocessing = 0;
		};
/* End PBXFrameworksBuildPhase section */

/* Begin PBXGroup section */
		041A624E2A8290CE004E880C = {
			isa = PBXGroup;
			children = (
				041A62592A8290CE004E880C /* FirrstAPIAssignemts */,
				041A62582A8290CE004E880C /* Products */,
			);
			sourceTree = "<group>";
		};
		041A62582A8290CE004E880C /* Products */ = {
			isa = PBXGroup;
			children = (
				041A62572A8290CE004E880C /* FirrstAPIAssignemts.app */,
			);
			name = Products;
			sourceTree = "<group>";
		};
		041A62592A8290CE004E880C /* FirrstAPIAssignemts */ = {
			isa = PBXGroup;
			children = (
				041A625A2A8290CE004E880C /* AppDelegate.swift */,
				041A625C2A8290CE004E880C /* SceneDelegate.swift */,
				041A625E2A8290CE004E880C /* ViewController.swift */,
				041A62602A8290CE004E880C /* Main.storyboard */,
				041A62632A8290D0004E880C /* Assets.xcassets */,
				041A62652A8290D0004E880C /* LaunchScreen.storyboard */,
				041A62682A8290D0004E880C /* Info.plist */,
				041A626E2A82912E004E880C /* Post.swift */,
				041A62702A8291AA004E880C /* PostTableViewCell.swift */,
				041A62712A8291AA004E880C /* PostTableViewCell.xib */,
			);
			path = FirrstAPIAssignemts;
			sourceTree = "<group>";
		};
/* End PBXGroup section */

/* Begin PBXNativeTarget section */
		041A62562A8290CE004E880C /* FirrstAPIAssignemts */ = {
			isa = PBXNativeTarget;
			buildConfigurationList = 041A626B2A8290D0004E880C /* Build configuration list for PBXNativeTarget "FirrstAPIAssignemts" */;
			buildPhases = (
				041A62532A8290CE004E880C /* Sources */,
				041A62542A8290CE004E880C /* Frameworks */,
				041A62552A8290CE004E880C /* Resources */,
			);
			buildRules = (
			);
			dependencies = (
			);
			name = FirrstAPIAssignemts;
			productName = FirrstAPIAssignemts;
			productReference = 041A62572A8290CE004E880C /* FirrstAPIAssignemts.app */;
			productType = "com.apple.product-type.application";
		};
/* End PBXNativeTarget section */

/* Begin PBXProject section */
		041A624F2A8290CE004E880C /* Project object */ = {
			isa = PBXProject;
			attributes = {
				BuildIndependentTargetsInParallel = 1;
				LastSwiftUpdateCheck = 1410;
				LastUpgradeCheck = 1410;
				TargetAttributes = {
					041A62562A8290CE004E880C = {
						CreatedOnToolsVersion = 14.1;
					};
				};
			};
			buildConfigurationList = 041A62522A8290CE004E880C /* Build configuration list for PBXProject "FirrstAPIAssignemts" */;
			compatibilityVersion = "Xcode 14.0";
			developmentRegion = en;
			hasScannedForEncodings = 0;
			knownRegions = (
				en,
				Base,
			);
			mainGroup = 041A624E2A8290CE004E880C;
			productRefGroup = 041A62582A8290CE004E880C /* Products */;
			projectDirPath = "";
			projectRoot = "";
			targets = (
				041A62562A8290CE004E880C /* FirrstAPIAssignemts */,
			);
		};
/* End PBXProject section */

/* Begin PBXResourcesBuildPhase section */
		041A62552A8290CE004E880C /* Resources */ = {
			isa = PBXResourcesBuildPhase;
			buildActionMask = 2147483647;
			files = (
				041A62672A8290D0004E880C /* LaunchScreen.storyboard in Resources */,
				041A62642A8290D0004E880C /* Assets.xcassets in Resources */,
				041A62622A8290CE004E880C /* Main.storyboard in Resources */,
				041A62732A8291AA004E880C /* PostTableViewCell.xib in Resources */,
			);
			runOnlyForDeploymentPostprocessing = 0;
		};
/* End PBXResourcesBuildPhase section */

/* Begin PBXSourcesBuildPhase section */
		041A62532A8290CE004E880C /* Sources */ = {
			isa = PBXSourcesBuildPhase;
			buildActionMask = 2147483647;
			files = (
				041A625F2A8290CE004E880C /* ViewController.swift in Sources */,
				041A625B2A8290CE004E880C /* AppDelegate.swift in Sources */,
				041A62722A8291AA004E880C /* PostTableViewCell.swift in Sources */,
				041A625D2A8290CE004E880C /* SceneDelegate.swift in Sources */,
				041A626F2A82912E004E880C /* Post.swift in Sources */,
			);
			runOnlyForDeploymentPostprocessing = 0;
		};
/* End PBXSourcesBuildPhase section */

/* Begin PBXVariantGroup section */
		041A62602A8290CE004E880C /* Main.storyboard */ = {
			isa = PBXVariantGroup;
			children = (
				041A62612A8290CE004E880C /* Base */,
			);
			name = Main.storyboard;
			sourceTree = "<group>";
		};
		041A62652A8290D0004E880C /* LaunchScreen.storyboard */ = {
			isa = PBXVariantGroup;
			children = (
				041A62662A8290D0004E880C /* Base */,
			);
			name = LaunchScreen.storyboard;
			sourceTree = "<group>";
		};
/* End PBXVariantGroup section */

/* Begin XCBuildConfiguration section */
		041A62692A8290D0004E880C /* Debug */ = {
			isa = XCBuildConfiguration;
			buildSettings = {
				ALWAYS_SEARCH_USER_PATHS = NO;
				CLANG_ANALYZER_NONNULL = YES;
				CLANG_ANALYZER_NUMBER_OBJECT_CONVERSION = YES_AGGRESSIVE;
				CLANG_CXX_LANGUAGE_STANDARD = "gnu++20";
				CLANG_ENABLE_MODULES = YES;
				CLANG_ENABLE_OBJC_ARC = YES;
				CLANG_ENABLE_OBJC_WEAK = YES;
				CLANG_WARN_BLOCK_CAPTURE_AUTORELEASING = YES;
				CLANG_WARN_BOOL_CONVERSION = YES;
				CLANG_WARN_COMMA = YES;
				CLANG_WARN_CONSTANT_CONVERSION = YES;
				CLANG_WARN_DEPRECATED_OBJC_IMPLEMENTATIONS = YES;
				CLANG_WARN_DIRECT_OBJC_ISA_USAGE = YES_ERROR;
				CLANG_WARN_DOCUMENTATION_COMMENTS = YES;
				CLANG_WARN_EMPTY_BODY = YES;
				CLANG_WARN_ENUM_CONVERSION = YES;
				CLANG_WARN_INFINITE_RECURSION = YES;
				CLANG_WARN_INT_CONVERSION = YES;
				CLANG_WARN_NON_LITERAL_NULL_CONVERSION = YES;
				CLANG_WARN_OBJC_IMPLICIT_RETAIN_SELF = YES;
				CLANG_WARN_OBJC_LITERAL_CONVERSION = YES;
				CLANG_WARN_OBJC_ROOT_CLASS = YES_ERROR;
				CLANG_WARN_QUOTED_INCLUDE_IN_FRAMEWORK_HEADER = YES;
				CLANG_WARN_RANGE_LOOP_ANALYSIS = YES;
				CLANG_WARN_STRICT_PROTOTYPES = YES;
				CLANG_WARN_SUSPICIOUS_MOVE = YES;
				CLANG_WARN_UNGUARDED_AVAILABILITY = YES_AGGRESSIVE;
				CLANG_WARN_UNREACHABLE_CODE = YES;
				CLANG_WARN__DUPLICATE_METHOD_MATCH = YES;
				COPY_PHASE_STRIP = NO;
				DEBUG_INFORMATION_FORMAT = dwarf;
				ENABLE_STRICT_OBJC_MSGSEND = YES;
				ENABLE_TESTABILITY = YES;
				GCC_C_LANGUAGE_STANDARD = gnu11;
				GCC_DYNAMIC_NO_PIC = NO;
				GCC_NO_COMMON_BLOCKS = YES;
				GCC_OPTIMIZATION_LEVEL = 0;
				GCC_PREPROCESSOR_DEFINITIONS = (
					"DEBUG=1",
					"$(inherited)",
				);
				GCC_WARN_64_TO_32_BIT_CONVERSION = YES;
				GCC_WARN_ABOUT_RETURN_TYPE = YES_ERROR;
				GCC_WARN_UNDECLARED_SELECTOR = YES;
				GCC_WARN_UNINITIALIZED_AUTOS = YES_AGGRESSIVE;
				GCC_WARN_UNUSED_FUNCTION = YES;
				GCC_WARN_UNUSED_VARIABLE = YES;
				IPHONEOS_DEPLOYMENT_TARGET = 16.1;
				MTL_ENABLE_DEBUG_INFO = INCLUDE_SOURCE;
				MTL_FAST_MATH = YES;
				ONLY_ACTIVE_ARCH = YES;
				SDKROOT = iphoneos;
				SWIFT_ACTIVE_COMPILATION_CONDITIONS = DEBUG;
				SWIFT_OPTIMIZATION_LEVEL = "-Onone";
			};
			name = Debug;
		};
		041A626A2A8290D0004E880C /* Release */ = {
			isa = XCBuildConfiguration;
			buildSettings = {
				ALWAYS_SEARCH_USER_PATHS = NO;
				CLANG_ANALYZER_NONNULL = YES;
				CLANG_ANALYZER_NUMBER_OBJECT_CONVERSION = YES_AGGRESSIVE;
				CLANG_CXX_LANGUAGE_STANDARD = "gnu++20";
				CLANG_ENABLE_MODULES = YES;
				CLANG_ENABLE_OBJC_ARC = YES;
				CLANG_ENABLE_OBJC_WEAK = YES;
				CLANG_WARN_BLOCK_CAPTURE_AUTORELEASING = YES;
				CLANG_WARN_BOOL_CONVERSION = YES;
				CLANG_WARN_COMMA = YES;
				CLANG_WARN_CONSTANT_CONVERSION = YES;
				CLANG_WARN_DEPRECATED_OBJC_IMPLEMENTATIONS = YES;
				CLANG_WARN_DIRECT_OBJC_ISA_USAGE = YES_ERROR;
				CLANG_WARN_DOCUMENTATION_COMMENTS = YES;
				CLANG_WARN_EMPTY_BODY = YES;
				CLANG_WARN_ENUM_CONVERSION = YES;
				CLANG_WARN_INFINITE_RECURSION = YES;
				CLANG_WARN_INT_CONVERSION = YES;
				CLANG_WARN_NON_LITERAL_NULL_CONVERSION = YES;
				CLANG_WARN_OBJC_IMPLICIT_RETAIN_SELF = YES;
				CLANG_WARN_OBJC_LITERAL_CONVERSION = YES;
				CLANG_WARN_OBJC_ROOT_CLASS = YES_ERROR;
				CLANG_WARN_QUOTED_INCLUDE_IN_FRAMEWORK_HEADER = YES;
				CLANG_WARN_RANGE_LOOP_ANALYSIS = YES;
				CLANG_WARN_STRICT_PROTOTYPES = YES;
				CLANG_WARN_SUSPICIOUS_MOVE = YES;
				CLANG_WARN_UNGUARDED_AVAILABILITY = YES_AGGRESSIVE;
				CLANG_WARN_UNREACHABLE_CODE = YES;
				CLANG_WARN__DUPLICATE_METHOD_MATCH = YES;
				COPY_PHASE_STRIP = NO;
				DEBUG_INFORMATION_FORMAT = "dwarf-with-dsym";
				ENABLE_NS_ASSERTIONS = NO;
				ENABLE_STRICT_OBJC_MSGSEND = YES;
				GCC_C_LANGUAGE_STANDARD = gnu11;
				GCC_NO_COMMON_BLOCKS = YES;
				GCC_WARN_64_TO_32_BIT_CONVERSION = YES;
				GCC_WARN_ABOUT_RETURN_TYPE = YES_ERROR;
				GCC_WARN_UNDECLARED_SELECTOR = YES;
				GCC_WARN_UNINITIALIZED_AUTOS = YES_AGGRESSIVE;
				GCC_WARN_UNUSED_FUNCTION = YES;
				GCC_WARN_UNUSED_VARIABLE = YES;
				IPHONEOS_DEPLOYMENT_TARGET = 16.1;
				MTL_ENABLE_DEBUG_INFO = NO;
				MTL_FAST_MATH = YES;
				SDKROOT = iphoneos;
				SWIFT_COMPILATION_MODE = wholemodule;
				SWIFT_OPTIMIZATION_LEVEL = "-O";
				VALIDATE_PRODUCT = YES;
			};
			name = Release;
		};
		041A626C2A8290D0004E880C /* Debug */ = {
			isa = XCBuildConfiguration;
			buildSettings = {
				ASSETCATALOG_COMPILER_APPICON_NAME = AppIcon;
				ASSETCATALOG_COMPILER_GLOBAL_ACCENT_COLOR_NAME = AccentColor;
				CODE_SIGN_STYLE = Automatic;
				CURRENT_PROJECT_VERSION = 1;
				GENERATE_INFOPLIST_FILE = YES;
				INFOPLIST_FILE = FirrstAPIAssignemts/Info.plist;
				INFOPLIST_KEY_UIApplicationSupportsIndirectInputEvents = YES;
				INFOPLIST_KEY_UILaunchStoryboardName = LaunchScreen;
				INFOPLIST_KEY_UIMainStoryboardFile = Main;
				INFOPLIST_KEY_UISupportedInterfaceOrientations_iPad = "UIInterfaceOrientationPortrait UIInterfaceOrientationPortraitUpsideDown UIInterfaceOrientationLandscapeLeft UIInterfaceOrientationLandscapeRight";
				INFOPLIST_KEY_UISupportedInterfaceOrientations_iPhone = "UIInterfaceOrientationPortrait UIInterfaceOrientationLandscapeLeft UIInterfaceOrientationLandscapeRight";
				LD_RUNPATH_SEARCH_PATHS = (
					"$(inherited)",
					"@executable_path/Frameworks",
				);
				MARKETING_VERSION = 1.0;
				PRODUCT_BUNDLE_IDENTIFIER = Vaibhavpathak.FirrstAPIAssignemts;
				PRODUCT_NAME = "$(TARGET_NAME)";
				SWIFT_EMIT_LOC_STRINGS = YES;
				SWIFT_VERSION = 5.0;
				TARGETED_DEVICE_FAMILY = "1,2";
			};
			name = Debug;
		};
		041A626D2A8290D0004E880C /* Release */ = {
			isa = XCBuildConfiguration;
			buildSettings = {
				ASSETCATALOG_COMPILER_APPICON_NAME = AppIcon;
				ASSETCATALOG_COMPILER_GLOBAL_ACCENT_COLOR_NAME = AccentColor;
				CODE_SIGN_STYLE = Automatic;
				CURRENT_PROJECT_VERSION = 1;
				GENERATE_INFOPLIST_FILE = YES;
				INFOPLIST_FILE = FirrstAPIAssignemts/Info.plist;
				INFOPLIST_KEY_UIApplicationSupportsIndirectInputEvents = YES;
				INFOPLIST_KEY_UILaunchStoryboardName = LaunchScreen;
				INFOPLIST_KEY_UIMainStoryboardFile = Main;
				INFOPLIST_KEY_UISupportedInterfaceOrientations_iPad = "UIInterfaceOrientationPortrait UIInterfaceOrientationPortraitUpsideDown UIInterfaceOrientationLandscapeLeft UIInterfaceOrientationLandscapeRight";
				INFOPLIST_KEY_UISupportedInterfaceOrientations_iPhone = "UIInterfaceOrientationPortrait UIInterfaceOrientationLandscapeLeft UIInterfaceOrientationLandscapeRight";
				LD_RUNPATH_SEARCH_PATHS = (
					"$(inherited)",
					"@executable_path/Frameworks",
				);
				MARKETING_VERSION = 1.0;
				PRODUCT_BUNDLE_IDENTIFIER = Vaibhavpathak.FirrstAPIAssignemts;
				PRODUCT_NAME = "$(TARGET_NAME)";
				SWIFT_EMIT_LOC_STRINGS = YES;
				SWIFT_VERSION = 5.0;
				TARGETED_DEVICE_FAMILY = "1,2";
			};
			name = Release;
		};
/* End XCBuildConfiguration section */

/* Begin XCConfigurationList section */
		041A62522A8290CE004E880C /* Build configuration list for PBXProject "FirrstAPIAssignemts" */ = {
			isa = XCConfigurationList;
			buildConfigurations = (
				041A62692A8290D0004E880C /* Debug */,
				041A626A2A8290D0004E880C /* Release */,
			);
			defaultConfigurationIsVisible = 0;
			defaultConfigurationName = Release;
		};
		041A626B2A8290D0004E880C /* Build configuration list for PBXNativeTarget "FirrstAPIAssignemts" */ = {
			isa = XCConfigurationList;
			buildConfigurations = (
				041A626C2A8290D0004E880C /* Debug */,
				041A626D2A8290D0004E880C /* Release */,
			);
			defaultConfigurationIsVisible = 0;
			defaultConfigurationName = Release;
		};
/* End XCConfigurationList section */
	};
	rootObject = 041A624F2A8290CE004E880C /* Project object */;
}
